
Microsoft Visual Studio Solution File, Format Version 12.00
# Visual Studio Version 16
VisualStudioVersion = 25.0.1705.0
MinimumVisualStudioVersion = 10.0.40219.1
Project("{FAE04EC0-301F-11D3-BF4B-00C04F79EFBC}") = "pertemuan_4", "pertemuan_4.csproj", "{FA8EA10A-BA8A-4E91-B8C3-F24B437D2890}"
EndProject
Global
	GlobalSection(SolutionConfigurationPlatforms) = preSolution
		Debug|Any CPU = Debug|Any CPU
		Release|Any CPU = Release|Any CPU
	EndGlobalSection
	GlobalSection(ProjectConfigurationPlatforms) = postSolution
		{FA8EA10A-BA8A-4E91-B8C3-F24B437D2890}.Debug|Any CPU.ActiveCfg = Debug|Any CPU
		{FA8EA10A-BA8A-4E91-B8C3-F24B437D2890}.Debug|Any CPU.Build.0 = Debug|Any CPU
		{FA8EA10A-BA8A-4E91-B8C3-F24B437D2890}.Release|Any CPU.ActiveCfg = Release|Any CPU
		{FA8EA10A-BA8A-4E91-B8C3-F24B437D2890}.Release|Any CPU.Build.0 = Release|Any CPU
	EndGlobalSection
	GlobalSection(SolutionProperties) = preSolution
		HideSolutionNode = FALSE
	EndGlobalSection
	GlobalSection(ExtensibilityGlobals) = postSolution
		SolutionGuid = {514BFCE2-EE29-41FD-9AA1-2042F6F222C6}
	EndGlobalSection
EndGlobal
